{
  "name": "electron-react-boilerplate",
  "version": "4.6.0",
  "lockfileVersion": 2,
  "requires": true,
  "packages": {
    "": {
      "name": "electron-react-boilerplate",
      "version": "4.6.0",
      "hasInstallScript": true,
      "license": "MIT",
      "dependencies": {
        "install": "^0.13.0"
      }
    },
    "node_modules/_install@0.13.0@install": {
      "name": "install",
      "version": "0.13.0",
      "license": "MIT",
      "engines": {
        "node": ">= 0.10"
      }
    },
    "node_modules/install": {
      "resolved": "node_modules/_install@0.13.0@install",
      "link": true
    }
  },
  "dependencies": {
    "_install@0.13.0@install": {
      "version": "npm:install@0.13.0"
    },
    "install": {
      "version": "file:node_modules/_install@0.13.0@install"
    }
  }
}
